
Microsoft Visual Studio Solution File, Format Version 12.00
# Visual Studio 15
VisualStudioVersion = 15.0.28307.421
MinimumVisualStudioVersion = 10.0.40219.1
Project("{2150E333-8FDC-42A3-9474-1A3956D46DE8}") = "0_thirdparty", "0_thirdparty", "{EC355B14-CD25-4369-AC27-C63D767499FE}"
EndProject
Project("{8BC9CEB8-8B4A-11D0-8D11-00A0C91BC942}") = "glib", "thirdparty\glib-2.48.2\glib.vcxproj", "{12BCA020-EABF-429E-876A-A476BC9C10C0}"
	ProjectSection(ProjectDependencies) = postProject
		{5B9E491D-EC1E-4373-A4BD-CDD547E7C6B1} = {5B9E491D-EC1E-4373-A4BD-CDD547E7C6B1}
		{A78DCBC4-077B-4884-A7F4-D9AF70EDB538} = {A78DCBC4-077B-4884-A7F4-D9AF70EDB538}
	EndProjectSection
EndProject
Project("{8BC9CEB8-8B4A-11D0-8D11-00A0C91BC942}") = "libintl", "thirdparty\intl-0.19.8.1\libintl.vcxproj", "{5B9E491D-EC1E-4373-A4BD-CDD547E7C6B1}"
	ProjectSection(ProjectDependencies) = postProject
		{CB8BB76F-D3FF-434E-A85E-7FFC0893EC9B} = {CB8BB76F-D3FF-434E-A85E-7FFC0893EC9B}
	EndProjectSection
EndProject
Project("{8BC9CEB8-8B4A-11D0-8D11-00A0C91BC942}") = "libiconv", "thirdparty\iconv-1.17\libiconv.vcxproj", "{CB8BB76F-D3FF-434E-A85E-7FFC0893EC9B}"
EndProject
Project("{8BC9CEB8-8B4A-11D0-8D11-00A0C91BC942}") = "gthread", "thirdparty\glib-2.48.2\gthread\gthread.vcxproj", "{C8AFB8C3-FFFD-460F-BC13-9AC25D7B117C}"
	ProjectSection(ProjectDependencies) = postProject
		{12BCA020-EABF-429E-876A-A476BC9C10C0} = {12BCA020-EABF-429E-876A-A476BC9C10C0}
	EndProjectSection
EndProject
Project("{8BC9CEB8-8B4A-11D0-8D11-00A0C91BC942}") = "gobject", "thirdparty\glib-2.48.2\gobject\gobject.vcxproj", "{F172EFFC-E30F-4593-809E-DB2024B1E753}"
	ProjectSection(ProjectDependencies) = postProject
		{12BCA020-EABF-429E-876A-A476BC9C10C0} = {12BCA020-EABF-429E-876A-A476BC9C10C0}
		{3427D54E-B9CF-43EC-8E53-6A92A4967A98} = {3427D54E-B9CF-43EC-8E53-6A92A4967A98}
		{785BA08C-7231-42CD-88AF-22BB72BE972B} = {785BA08C-7231-42CD-88AF-22BB72BE972B}
		{9AD90AB9-9261-4F8F-8B6B-74DD0AD0AFD7} = {9AD90AB9-9261-4F8F-8B6B-74DD0AD0AFD7}
		{C8AFB8C3-FFFD-460F-BC13-9AC25D7B117C} = {C8AFB8C3-FFFD-460F-BC13-9AC25D7B117C}
	EndProjectSection
EndProject
Project("{8BC9CEB8-8B4A-11D0-8D11-00A0C91BC942}") = "libffi", "thirdparty\ffi-3.3\libffi.vcxproj", "{793F0ABE-66E5-48C0-9690-3060FF08AFF5}"
EndProject
Project("{8BC9CEB8-8B4A-11D0-8D11-00A0C91BC942}") = "gio", "thirdparty\glib-2.48.2\gio\gio.vcxproj", "{F3D1583C-5613-4809-BD98-7CC1C1276F92}"
	ProjectSection(ProjectDependencies) = postProject
		{12BCA020-EABF-429E-876A-A476BC9C10C0} = {12BCA020-EABF-429E-876A-A476BC9C10C0}
		{3427D54E-B9CF-43EC-8E53-6A92A4967A98} = {3427D54E-B9CF-43EC-8E53-6A92A4967A98}
		{4214047C-F5C1-40B3-8369-5DCED8C32770} = {4214047C-F5C1-40B3-8369-5DCED8C32770}
		{785BA08C-7231-42CD-88AF-22BB72BE972B} = {785BA08C-7231-42CD-88AF-22BB72BE972B}
		{9AD90AB9-9261-4F8F-8B6B-74DD0AD0AFD7} = {9AD90AB9-9261-4F8F-8B6B-74DD0AD0AFD7}
		{A0AFD9EC-79C8-36CE-B0E8-1B7699B493C9} = {A0AFD9EC-79C8-36CE-B0E8-1B7699B493C9}
		{F172EFFC-E30F-4593-809E-DB2024B1E753} = {F172EFFC-E30F-4593-809E-DB2024B1E753}
	EndProjectSection
EndProject
Project("{8BC9CEB8-8B4A-11D0-8D11-00A0C91BC942}") = "libzlib", "thirdparty\zlib-1.2.12\libzlib.vcxproj", "{98370A1A-2305-3AE1-8D6B-0841290DE59E}"
EndProject
Project("{8BC9CEB8-8B4A-11D0-8D11-00A0C91BC942}") = "gmodule", "thirdparty\glib-2.48.2\gmodule\gmodule.vcxproj", "{4214047C-F5C1-40B3-8369-5DCED8C32770}"
	ProjectSection(ProjectDependencies) = postProject
		{12BCA020-EABF-429E-876A-A476BC9C10C0} = {12BCA020-EABF-429E-876A-A476BC9C10C0}
	EndProjectSection
EndProject
Project("{2150E333-8FDC-42A3-9474-1A3956D46DE8}") = "0_lib", "0_lib", "{78EB8570-31EA-425F-82EE-462FBC1F1AFA}"
EndProject
Project("{2150E333-8FDC-42A3-9474-1A3956D46DE8}") = "1_dll", "1_dll", "{B608BD11-321F-4594-8517-9D920A6D0734}"
EndProject
Project("{2150E333-8FDC-42A3-9474-1A3956D46DE8}") = "2_exe", "2_exe", "{4AD5CCA2-0F4A-47A1-863D-52381D60E8EF}"
EndProject
Project("{8BC9CEB8-8B4A-11D0-8D11-00A0C91BC942}") = "gdbus", "thirdparty\glib-2.48.2\gio\gdbus.vcxproj", "{95A1571F-61BE-4C51-BE53-2F2DAB280687}"
EndProject
Project("{8BC9CEB8-8B4A-11D0-8D11-00A0C91BC942}") = "gio-querymodules", "thirdparty\glib-2.48.2\gio\gio-querymodules.vcxproj", "{95A1571F-61BE-4C51-BE53-2F2DAB280686}"
EndProject
Project("{8BC9CEB8-8B4A-11D0-8D11-00A0C91BC942}") = "glib-compile-resources", "thirdparty\glib-2.48.2\gio\glib-compile-resources.vcxproj", "{B0CDEC7F-DCE1-4F7E-B8A4-A3009C18FB2A}"
EndProject
Project("{8BC9CEB8-8B4A-11D0-8D11-00A0C91BC942}") = "glib-compile-schemas", "thirdparty\glib-2.48.2\gio\glib-compile-schemas.vcxproj", "{015D69D0-8B42-438A-ADAE-052AC036E065}"
EndProject
Project("{8BC9CEB8-8B4A-11D0-8D11-00A0C91BC942}") = "glib-genmarshal", "thirdparty\glib-2.48.2\gobject\glib-genmarshal.vcxproj", "{BD12E835-5C52-4E5D-8234-1C579F33E27A}"
EndProject
Project("{8BC9CEB8-8B4A-11D0-8D11-00A0C91BC942}") = "gresource", "thirdparty\glib-2.48.2\gio\gresource.vcxproj", "{95A1571F-61BE-4C51-BE53-2F2DAB280685}"
EndProject
Project("{8BC9CEB8-8B4A-11D0-8D11-00A0C91BC942}") = "gsettings", "thirdparty\glib-2.48.2\gio\gsettings.vcxproj", "{05041C63-F1C5-49BA-A7DE-61EBB5307EAA}"
EndProject
Project("{8BC9CEB8-8B4A-11D0-8D11-00A0C91BC942}") = "gspawn-win32-helper", "thirdparty\glib-2.48.2\glib\gspawn-win32-helper.vcxproj", "{289240E7-E167-47CE-A20C-58D852E520BA}"
EndProject
Project("{8BC9CEB8-8B4A-11D0-8D11-00A0C91BC942}") = "gspawn-win32-helper-console", "thirdparty\glib-2.48.2\glib\gspawn-win32-helper-console.vcxproj", "{E40E8A7E-7CAE-4659-9B8B-BC38898E3074}"
EndProject
Project("{8BC9CEB8-8B4A-11D0-8D11-00A0C91BC942}") = "libdirent", "thirdparty\dirent\libdirent.vcxproj", "{A78DCBC4-077B-4884-A7F4-D9AF70EDB538}"
EndProject
Project("{8BC9CEB8-8B4A-11D0-8D11-00A0C91BC942}") = "zlib", "thirdparty\zlib-1.2.12\zlib.vcxproj", "{A0AFD9EC-79C8-36CE-B0E8-1B7699B493C9}"
EndProject
Project("{8BC9CEB8-8B4A-11D0-8D11-00A0C91BC942}") = "intl", "thirdparty\intl-0.19.8.1\intl.vcxproj", "{3427D54E-B9CF-43EC-8E53-6A92A4967A98}"
EndProject
Project("{8BC9CEB8-8B4A-11D0-8D11-00A0C91BC942}") = "iconv", "thirdparty\iconv-1.17\iconv.vcxproj", "{785BA08C-7231-42CD-88AF-22BB72BE972B}"
EndProject
Project("{8BC9CEB8-8B4A-11D0-8D11-00A0C91BC942}") = "ffi", "thirdparty\ffi-3.3\ffi.vcxproj", "{9AD90AB9-9261-4F8F-8B6B-74DD0AD0AFD7}"
EndProject
Project("{8BC9CEB8-8B4A-11D0-8D11-00A0C91BC942}") = "libglib", "thirdparty\glib-2.48.2\libglib.vcxproj", "{3196BCE2-227A-445C-8428-836D410001CF}"
EndProject
Project("{8BC9CEB8-8B4A-11D0-8D11-00A0C91BC942}") = "libgmodule", "thirdparty\glib-2.48.2\gmodule\libgmodule.vcxproj", "{E8414DD4-1E62-4C25-AFF6-E79C3240D1B8}"
EndProject
Project("{8BC9CEB8-8B4A-11D0-8D11-00A0C91BC942}") = "libgobject", "thirdparty\glib-2.48.2\gobject\libgobject.vcxproj", "{662DF000-5E56-459C-8E2F-4D5F4F77E2DB}"
EndProject
Project("{2150E333-8FDC-42A3-9474-1A3956D46DE8}") = "glib", "glib", "{CF3604BE-2EE1-40CC-B420-3AD0F64ABDA1}"
EndProject
Project("{2150E333-8FDC-42A3-9474-1A3956D46DE8}") = "glib", "glib", "{04BBA638-3818-4213-A080-808B4BBC8A3D}"
EndProject
Project("{8BC9CEB8-8B4A-11D0-8D11-00A0C91BC942}") = "libgthread", "thirdparty\glib-2.48.2\gthread\libgthread.vcxproj", "{9D3DF1C3-8142-484C-836D-D313FC09CFD5}"
EndProject
Project("{8BC9CEB8-8B4A-11D0-8D11-00A0C91BC942}") = "libgio", "thirdparty\glib-2.48.2\gio\libgio.vcxproj", "{0AF9F026-404C-46DA-955E-5D36415C4649}"
EndProject
Global
	GlobalSection(SolutionConfigurationPlatforms) = preSolution
		Debug|x64 = Debug|x64
		Release|x64 = Release|x64
	EndGlobalSection
	GlobalSection(ProjectConfigurationPlatforms) = postSolution
		{12BCA020-EABF-429E-876A-A476BC9C10C0}.Debug|x64.ActiveCfg = Debug|x64
		{12BCA020-EABF-429E-876A-A476BC9C10C0}.Debug|x64.Build.0 = Debug|x64
		{12BCA020-EABF-429E-876A-A476BC9C10C0}.Release|x64.ActiveCfg = Release|x64
		{12BCA020-EABF-429E-876A-A476BC9C10C0}.Release|x64.Build.0 = Release|x64
		{5B9E491D-EC1E-4373-A4BD-CDD547E7C6B1}.Debug|x64.ActiveCfg = Debug|x64
		{5B9E491D-EC1E-4373-A4BD-CDD547E7C6B1}.Debug|x64.Build.0 = Debug|x64
		{5B9E491D-EC1E-4373-A4BD-CDD547E7C6B1}.Release|x64.ActiveCfg = Release|x64
		{5B9E491D-EC1E-4373-A4BD-CDD547E7C6B1}.Release|x64.Build.0 = Release|x64
		{CB8BB76F-D3FF-434E-A85E-7FFC0893EC9B}.Debug|x64.ActiveCfg = Debug|x64
		{CB8BB76F-D3FF-434E-A85E-7FFC0893EC9B}.Debug|x64.Build.0 = Debug|x64
		{CB8BB76F-D3FF-434E-A85E-7FFC0893EC9B}.Release|x64.ActiveCfg = Release|x64
		{CB8BB76F-D3FF-434E-A85E-7FFC0893EC9B}.Release|x64.Build.0 = Release|x64
		{C8AFB8C3-FFFD-460F-BC13-9AC25D7B117C}.Debug|x64.ActiveCfg = Debug|x64
		{C8AFB8C3-FFFD-460F-BC13-9AC25D7B117C}.Debug|x64.Build.0 = Debug|x64
		{C8AFB8C3-FFFD-460F-BC13-9AC25D7B117C}.Release|x64.ActiveCfg = Release|x64
		{C8AFB8C3-FFFD-460F-BC13-9AC25D7B117C}.Release|x64.Build.0 = Release|x64
		{F172EFFC-E30F-4593-809E-DB2024B1E753}.Debug|x64.ActiveCfg = Debug|x64
		{F172EFFC-E30F-4593-809E-DB2024B1E753}.Debug|x64.Build.0 = Debug|x64
		{F172EFFC-E30F-4593-809E-DB2024B1E753}.Release|x64.ActiveCfg = Release|x64
		{F172EFFC-E30F-4593-809E-DB2024B1E753}.Release|x64.Build.0 = Release|x64
		{793F0ABE-66E5-48C0-9690-3060FF08AFF5}.Debug|x64.ActiveCfg = Debug|x64
		{793F0ABE-66E5-48C0-9690-3060FF08AFF5}.Debug|x64.Build.0 = Debug|x64
		{793F0ABE-66E5-48C0-9690-3060FF08AFF5}.Release|x64.ActiveCfg = Release|x64
		{793F0ABE-66E5-48C0-9690-3060FF08AFF5}.Release|x64.Build.0 = Release|x64
		{F3D1583C-5613-4809-BD98-7CC1C1276F92}.Debug|x64.ActiveCfg = Debug|x64
		{F3D1583C-5613-4809-BD98-7CC1C1276F92}.Debug|x64.Build.0 = Debug|x64
		{F3D1583C-5613-4809-BD98-7CC1C1276F92}.Release|x64.ActiveCfg = Release|x64
		{F3D1583C-5613-4809-BD98-7CC1C1276F92}.Release|x64.Build.0 = Release|x64
		{98370A1A-2305-3AE1-8D6B-0841290DE59E}.Debug|x64.ActiveCfg = Debug|x64
		{98370A1A-2305-3AE1-8D6B-0841290DE59E}.Debug|x64.Build.0 = Debug|x64
		{98370A1A-2305-3AE1-8D6B-0841290DE59E}.Release|x64.ActiveCfg = Release|x64
		{98370A1A-2305-3AE1-8D6B-0841290DE59E}.Release|x64.Build.0 = Release|x64
		{4214047C-F5C1-40B3-8369-5DCED8C32770}.Debug|x64.ActiveCfg = Debug|x64
		{4214047C-F5C1-40B3-8369-5DCED8C32770}.Debug|x64.Build.0 = Debug|x64
		{4214047C-F5C1-40B3-8369-5DCED8C32770}.Release|x64.ActiveCfg = Release|x64
		{4214047C-F5C1-40B3-8369-5DCED8C32770}.Release|x64.Build.0 = Release|x64
		{95A1571F-61BE-4C51-BE53-2F2DAB280687}.Debug|x64.ActiveCfg = Debug|x64
		{95A1571F-61BE-4C51-BE53-2F2DAB280687}.Debug|x64.Build.0 = Debug|x64
		{95A1571F-61BE-4C51-BE53-2F2DAB280687}.Release|x64.ActiveCfg = Release|x64
		{95A1571F-61BE-4C51-BE53-2F2DAB280687}.Release|x64.Build.0 = Release|x64
		{95A1571F-61BE-4C51-BE53-2F2DAB280686}.Debug|x64.ActiveCfg = Debug|x64
		{95A1571F-61BE-4C51-BE53-2F2DAB280686}.Debug|x64.Build.0 = Debug|x64
		{95A1571F-61BE-4C51-BE53-2F2DAB280686}.Release|x64.ActiveCfg = Release|x64
		{95A1571F-61BE-4C51-BE53-2F2DAB280686}.Release|x64.Build.0 = Release|x64
		{B0CDEC7F-DCE1-4F7E-B8A4-A3009C18FB2A}.Debug|x64.ActiveCfg = Debug|x64
		{B0CDEC7F-DCE1-4F7E-B8A4-A3009C18FB2A}.Debug|x64.Build.0 = Debug|x64
		{B0CDEC7F-DCE1-4F7E-B8A4-A3009C18FB2A}.Release|x64.ActiveCfg = Release|x64
		{B0CDEC7F-DCE1-4F7E-B8A4-A3009C18FB2A}.Release|x64.Build.0 = Release|x64
		{015D69D0-8B42-438A-ADAE-052AC036E065}.Debug|x64.ActiveCfg = Debug|x64
		{015D69D0-8B42-438A-ADAE-052AC036E065}.Debug|x64.Build.0 = Debug|x64
		{015D69D0-8B42-438A-ADAE-052AC036E065}.Release|x64.ActiveCfg = Release|x64
		{015D69D0-8B42-438A-ADAE-052AC036E065}.Release|x64.Build.0 = Release|x64
		{BD12E835-5C52-4E5D-8234-1C579F33E27A}.Debug|x64.ActiveCfg = Debug|x64
		{BD12E835-5C52-4E5D-8234-1C579F33E27A}.Debug|x64.Build.0 = Debug|x64
		{BD12E835-5C52-4E5D-8234-1C579F33E27A}.Release|x64.ActiveCfg = Release|x64
		{BD12E835-5C52-4E5D-8234-1C579F33E27A}.Release|x64.Build.0 = Release|x64
		{95A1571F-61BE-4C51-BE53-2F2DAB280685}.Debug|x64.ActiveCfg = Debug|x64
		{95A1571F-61BE-4C51-BE53-2F2DAB280685}.Debug|x64.Build.0 = Debug|x64
		{95A1571F-61BE-4C51-BE53-2F2DAB280685}.Release|x64.ActiveCfg = Release|x64
		{95A1571F-61BE-4C51-BE53-2F2DAB280685}.Release|x64.Build.0 = Release|x64
		{05041C63-F1C5-49BA-A7DE-61EBB5307EAA}.Debug|x64.ActiveCfg = Debug|x64
		{05041C63-F1C5-49BA-A7DE-61EBB5307EAA}.Debug|x64.Build.0 = Debug|x64
		{05041C63-F1C5-49BA-A7DE-61EBB5307EAA}.Release|x64.ActiveCfg = Release|x64
		{05041C63-F1C5-49BA-A7DE-61EBB5307EAA}.Release|x64.Build.0 = Release|x64
		{289240E7-E167-47CE-A20C-58D852E520BA}.Debug|x64.ActiveCfg = Debug|x64
		{289240E7-E167-47CE-A20C-58D852E520BA}.Debug|x64.Build.0 = Debug|x64
		{289240E7-E167-47CE-A20C-58D852E520BA}.Release|x64.ActiveCfg = Release|x64
		{289240E7-E167-47CE-A20C-58D852E520BA}.Release|x64.Build.0 = Release|x64
		{E40E8A7E-7CAE-4659-9B8B-BC38898E3074}.Debug|x64.ActiveCfg = Debug|x64
		{E40E8A7E-7CAE-4659-9B8B-BC38898E3074}.Debug|x64.Build.0 = Debug|x64
		{E40E8A7E-7CAE-4659-9B8B-BC38898E3074}.Release|x64.ActiveCfg = Release|x64
		{E40E8A7E-7CAE-4659-9B8B-BC38898E3074}.Release|x64.Build.0 = Release|x64
		{A78DCBC4-077B-4884-A7F4-D9AF70EDB538}.Debug|x64.ActiveCfg = Debug|x64
		{A78DCBC4-077B-4884-A7F4-D9AF70EDB538}.Debug|x64.Build.0 = Debug|x64
		{A78DCBC4-077B-4884-A7F4-D9AF70EDB538}.Release|x64.ActiveCfg = Release|x64
		{A78DCBC4-077B-4884-A7F4-D9AF70EDB538}.Release|x64.Build.0 = Release|x64
		{A0AFD9EC-79C8-36CE-B0E8-1B7699B493C9}.Debug|x64.ActiveCfg = Debug|x64
		{A0AFD9EC-79C8-36CE-B0E8-1B7699B493C9}.Debug|x64.Build.0 = Debug|x64
		{A0AFD9EC-79C8-36CE-B0E8-1B7699B493C9}.Release|x64.ActiveCfg = Release|x64
		{A0AFD9EC-79C8-36CE-B0E8-1B7699B493C9}.Release|x64.Build.0 = Release|x64
		{3427D54E-B9CF-43EC-8E53-6A92A4967A98}.Debug|x64.ActiveCfg = Debug|x64
		{3427D54E-B9CF-43EC-8E53-6A92A4967A98}.Debug|x64.Build.0 = Debug|x64
		{3427D54E-B9CF-43EC-8E53-6A92A4967A98}.Release|x64.ActiveCfg = Release|x64
		{3427D54E-B9CF-43EC-8E53-6A92A4967A98}.Release|x64.Build.0 = Release|x64
		{785BA08C-7231-42CD-88AF-22BB72BE972B}.Debug|x64.ActiveCfg = Debug|x64
		{785BA08C-7231-42CD-88AF-22BB72BE972B}.Debug|x64.Build.0 = Debug|x64
		{785BA08C-7231-42CD-88AF-22BB72BE972B}.Release|x64.ActiveCfg = Release|x64
		{785BA08C-7231-42CD-88AF-22BB72BE972B}.Release|x64.Build.0 = Release|x64
		{9AD90AB9-9261-4F8F-8B6B-74DD0AD0AFD7}.Debug|x64.ActiveCfg = Debug|x64
		{9AD90AB9-9261-4F8F-8B6B-74DD0AD0AFD7}.Debug|x64.Build.0 = Debug|x64
		{9AD90AB9-9261-4F8F-8B6B-74DD0AD0AFD7}.Release|x64.ActiveCfg = Release|x64
		{9AD90AB9-9261-4F8F-8B6B-74DD0AD0AFD7}.Release|x64.Build.0 = Release|x64
		{3196BCE2-227A-445C-8428-836D410001CF}.Debug|x64.ActiveCfg = Debug|x64
		{3196BCE2-227A-445C-8428-836D410001CF}.Debug|x64.Build.0 = Debug|x64
		{3196BCE2-227A-445C-8428-836D410001CF}.Release|x64.ActiveCfg = Release|x64
		{3196BCE2-227A-445C-8428-836D410001CF}.Release|x64.Build.0 = Release|x64
		{E8414DD4-1E62-4C25-AFF6-E79C3240D1B8}.Debug|x64.ActiveCfg = Debug|x64
		{E8414DD4-1E62-4C25-AFF6-E79C3240D1B8}.Debug|x64.Build.0 = Debug|x64
		{E8414DD4-1E62-4C25-AFF6-E79C3240D1B8}.Release|x64.ActiveCfg = Release|x64
		{E8414DD4-1E62-4C25-AFF6-E79C3240D1B8}.Release|x64.Build.0 = Release|x64
		{662DF000-5E56-459C-8E2F-4D5F4F77E2DB}.Debug|x64.ActiveCfg = Debug|x64
		{662DF000-5E56-459C-8E2F-4D5F4F77E2DB}.Debug|x64.Build.0 = Debug|x64
		{662DF000-5E56-459C-8E2F-4D5F4F77E2DB}.Release|x64.ActiveCfg = Release|x64
		{662DF000-5E56-459C-8E2F-4D5F4F77E2DB}.Release|x64.Build.0 = Release|x64
		{9D3DF1C3-8142-484C-836D-D313FC09CFD5}.Debug|x64.ActiveCfg = Debug|x64
		{9D3DF1C3-8142-484C-836D-D313FC09CFD5}.Debug|x64.Build.0 = Debug|x64
		{9D3DF1C3-8142-484C-836D-D313FC09CFD5}.Release|x64.ActiveCfg = Release|x64
		{9D3DF1C3-8142-484C-836D-D313FC09CFD5}.Release|x64.Build.0 = Release|x64
		{0AF9F026-404C-46DA-955E-5D36415C4649}.Debug|x64.ActiveCfg = Debug|x64
		{0AF9F026-404C-46DA-955E-5D36415C4649}.Debug|x64.Build.0 = Debug|x64
		{0AF9F026-404C-46DA-955E-5D36415C4649}.Release|x64.ActiveCfg = Release|x64
		{0AF9F026-404C-46DA-955E-5D36415C4649}.Release|x64.Build.0 = Release|x64
	EndGlobalSection
	GlobalSection(SolutionProperties) = preSolution
		HideSolutionNode = FALSE
	EndGlobalSection
	GlobalSection(NestedProjects) = preSolution
		{12BCA020-EABF-429E-876A-A476BC9C10C0} = {04BBA638-3818-4213-A080-808B4BBC8A3D}
		{5B9E491D-EC1E-4373-A4BD-CDD547E7C6B1} = {78EB8570-31EA-425F-82EE-462FBC1F1AFA}
		{CB8BB76F-D3FF-434E-A85E-7FFC0893EC9B} = {78EB8570-31EA-425F-82EE-462FBC1F1AFA}
		{C8AFB8C3-FFFD-460F-BC13-9AC25D7B117C} = {04BBA638-3818-4213-A080-808B4BBC8A3D}
		{F172EFFC-E30F-4593-809E-DB2024B1E753} = {04BBA638-3818-4213-A080-808B4BBC8A3D}
		{793F0ABE-66E5-48C0-9690-3060FF08AFF5} = {78EB8570-31EA-425F-82EE-462FBC1F1AFA}
		{F3D1583C-5613-4809-BD98-7CC1C1276F92} = {04BBA638-3818-4213-A080-808B4BBC8A3D}
		{98370A1A-2305-3AE1-8D6B-0841290DE59E} = {78EB8570-31EA-425F-82EE-462FBC1F1AFA}
		{4214047C-F5C1-40B3-8369-5DCED8C32770} = {04BBA638-3818-4213-A080-808B4BBC8A3D}
		{78EB8570-31EA-425F-82EE-462FBC1F1AFA} = {EC355B14-CD25-4369-AC27-C63D767499FE}
		{B608BD11-321F-4594-8517-9D920A6D0734} = {EC355B14-CD25-4369-AC27-C63D767499FE}
		{4AD5CCA2-0F4A-47A1-863D-52381D60E8EF} = {EC355B14-CD25-4369-AC27-C63D767499FE}
		{95A1571F-61BE-4C51-BE53-2F2DAB280687} = {4AD5CCA2-0F4A-47A1-863D-52381D60E8EF}
		{95A1571F-61BE-4C51-BE53-2F2DAB280686} = {4AD5CCA2-0F4A-47A1-863D-52381D60E8EF}
		{B0CDEC7F-DCE1-4F7E-B8A4-A3009C18FB2A} = {4AD5CCA2-0F4A-47A1-863D-52381D60E8EF}
		{015D69D0-8B42-438A-ADAE-052AC036E065} = {4AD5CCA2-0F4A-47A1-863D-52381D60E8EF}
		{BD12E835-5C52-4E5D-8234-1C579F33E27A} = {4AD5CCA2-0F4A-47A1-863D-52381D60E8EF}
		{95A1571F-61BE-4C51-BE53-2F2DAB280685} = {4AD5CCA2-0F4A-47A1-863D-52381D60E8EF}
		{05041C63-F1C5-49BA-A7DE-61EBB5307EAA} = {4AD5CCA2-0F4A-47A1-863D-52381D60E8EF}
		{289240E7-E167-47CE-A20C-58D852E520BA} = {4AD5CCA2-0F4A-47A1-863D-52381D60E8EF}
		{E40E8A7E-7CAE-4659-9B8B-BC38898E3074} = {4AD5CCA2-0F4A-47A1-863D-52381D60E8EF}
		{A78DCBC4-077B-4884-A7F4-D9AF70EDB538} = {78EB8570-31EA-425F-82EE-462FBC1F1AFA}
		{A0AFD9EC-79C8-36CE-B0E8-1B7699B493C9} = {B608BD11-321F-4594-8517-9D920A6D0734}
		{3427D54E-B9CF-43EC-8E53-6A92A4967A98} = {B608BD11-321F-4594-8517-9D920A6D0734}
		{785BA08C-7231-42CD-88AF-22BB72BE972B} = {B608BD11-321F-4594-8517-9D920A6D0734}
		{9AD90AB9-9261-4F8F-8B6B-74DD0AD0AFD7} = {B608BD11-321F-4594-8517-9D920A6D0734}
		{3196BCE2-227A-445C-8428-836D410001CF} = {CF3604BE-2EE1-40CC-B420-3AD0F64ABDA1}
		{E8414DD4-1E62-4C25-AFF6-E79C3240D1B8} = {CF3604BE-2EE1-40CC-B420-3AD0F64ABDA1}
		{662DF000-5E56-459C-8E2F-4D5F4F77E2DB} = {CF3604BE-2EE1-40CC-B420-3AD0F64ABDA1}
		{CF3604BE-2EE1-40CC-B420-3AD0F64ABDA1} = {78EB8570-31EA-425F-82EE-462FBC1F1AFA}
		{04BBA638-3818-4213-A080-808B4BBC8A3D} = {B608BD11-321F-4594-8517-9D920A6D0734}
		{9D3DF1C3-8142-484C-836D-D313FC09CFD5} = {CF3604BE-2EE1-40CC-B420-3AD0F64ABDA1}
		{0AF9F026-404C-46DA-955E-5D36415C4649} = {CF3604BE-2EE1-40CC-B420-3AD0F64ABDA1}
	EndGlobalSection
	GlobalSection(ExtensibilityGlobals) = postSolution
		SolutionGuid = {0A8CEE52-492A-4393-9DD8-1A14948800DE}
	EndGlobalSection
EndGlobal
